// !$*UTF8*$!
{
	archiveVersion = 1;
	classes = {
	};
	objectVersion = 46;
	objects = {

/* Begin PBXBuildFile section */
		194FE9001C43A8F100F26538 /* main.m in Sources */ = {isa = PBXBuildFile; fileRef = 194FE8FF1C43A8F100F26538 /* main.m */; };
		194FE9031C43A8F100F26538 /* AppDelegate.m in Sources */ = {isa = PBXBuildFile; fileRef = 194FE9021C43A8F100F26538 /* AppDelegate.m */; };
		194FE9091C43A8F100F26538 /* Main.storyboard in Resources */ = {isa = PBXBuildFile; fileRef = 194FE9071C43A8F100F26538 /* Main.storyboard */; };
		194FE90B1C43A8F100F26538 /* Assets.xcassets in Resources */ = {isa = PBXBuildFile; fileRef = 194FE90A1C43A8F100F26538 /* Assets.xcassets */; };
		194FE90E1C43A8F100F26538 /* LaunchScreen.storyboard in Resources */ = {isa = PBXBuildFile; fileRef = 194FE90C1C43A8F100F26538 /* LaunchScreen.storyboard */; };
		194FE9191C43A8F100F26538 /* CircleViewAndColorTests.m in Sources */ = {isa = PBXBuildFile; fileRef = 194FE9181C43A8F100F26538 /* CircleViewAndColorTests.m */; };
		194FE9241C43A8F100F26538 /* CircleViewAndColorUITests.m in Sources */ = {isa = PBXBuildFile; fileRef = 194FE9231C43A8F100F26538 /* CircleViewAndColorUITests.m */; };
		194FE9341C43A91500F26538 /* CircleView.m in Sources */ = {isa = PBXBuildFile; fileRef = 194FE9331C43A91500F26538 /* CircleView.m */; };
		194FE9391C43A92900F26538 /* ViewController.m in Sources */ = {isa = PBXBuildFile; fileRef = 194FE9361C43A92900F26538 /* ViewController.m */; };
		194FE93A1C43A92900F26538 /* UIImage+GradientColor.m in Sources */ = {isa = PBXBuildFile; fileRef = 194FE9381C43A92900F26538 /* UIImage+GradientColor.m */; };
/* End PBXBuildFile section */

/* Begin PBXContainerItemProxy section */
		194FE9151C43A8F100F26538 /* PBXContainerItemProxy */ = {
			isa = PBXContainerItemProxy;
			containerPortal = 194FE8F31C43A8F100F26538 /* Project object */;
			proxyType = 1;
			remoteGlobalIDString = 194FE8FA1C43A8F100F26538;
			remoteInfo = CircleViewAndColor;
		};
		194FE9201C43A8F100F26538 /* PBXContainerItemProxy */ = {
			isa = PBXContainerItemProxy;
			containerPortal = 194FE8F31C43A8F100F26538 /* Project object */;
			proxyType = 1;
			remoteGlobalIDString = 194FE8FA1C43A8F100F26538;
			remoteInfo = CircleViewAndColor;
		};
/* End PBXContainerItemProxy section */

/* Begin PBXFileReference section */
		194FE8FB1C43A8F100F26538 /* CircleViewAndColor.app */ = {isa = PBXFileReference; explicitFileType = wrapper.application; includeInIndex = 0; path = CircleViewAndColor.app; sourceTree = BUILT_PRODUCTS_DIR; };
		194FE8FF1C43A8F100F26538 /* main.m */ = {isa = PBXFileReference; lastKnownFileType = sourcecode.c.objc; path = main.m; sourceTree = "<group>"; };
		194FE9011C43A8F100F26538 /* AppDelegate.h */ = {isa = PBXFileReference; lastKnownFileType = sourcecode.c.h; path = AppDelegate.h; sourceTree = "<group>"; };
		194FE9021C43A8F100F26538 /* AppDelegate.m */ = {isa = PBXFileReference; lastKnownFileType = sourcecode.c.objc; path = AppDelegate.m; sourceTree = "<group>"; };
		194FE9081C43A8F100F26538 /* Base */ = {isa = PBXFileReference; lastKnownFileType = file.storyboard; name = Base; path = Base.lproj/Main.storyboard; sourceTree = "<group>"; };
		194FE90A1C43A8F100F26538 /* Assets.xcassets */ = {isa = PBXFileReference; lastKnownFileType = folder.assetcatalog; path = Assets.xcassets; sourceTree = "<group>"; };
		194FE90D1C43A8F100F26538 /* Base */ = {isa = PBXFileReference; lastKnownFileType = file.storyboard; name = Base; path = Base.lproj/LaunchScreen.storyboard; sourceTree = "<group>"; };
		194FE90F1C43A8F100F26538 /* Info.plist */ = {isa = PBXFileReference; lastKnownFileType = text.plist.xml; path = Info.plist; sourceTree = "<group>"; };
		194FE9141C43A8F100F26538 /* CircleViewAndColorTests.xctest */ = {isa = PBXFileReference; explicitFileType = wrapper.cfbundle; includeInIndex = 0; path = CircleViewAndColorTests.xctest; sourceTree = BUILT_PRODUCTS_DIR; };
		194FE9181C43A8F100F26538 /* CircleViewAndColorTests.m */ = {isa = PBXFileReference; lastKnownFileType = sourcecode.c.objc; path = CircleViewAndColorTests.m; sourceTree = "<group>"; };
		194FE91A1C43A8F100F26538 /* Info.plist */ = {isa = PBXFileReference; lastKnownFileType = text.plist.xml; path = Info.plist; sourceTree = "<group>"; };
		194FE91F1C43A8F100F26538 /* CircleViewAndColorUITests.xctest */ = {isa = PBXFileReference; explicitFileType = wrapper.cfbundle; includeInIndex = 0; path = CircleViewAndColorUITests.xctest; sourceTree = BUILT_PRODUCTS_DIR; };
		194FE9231C43A8F100F26538 /* CircleViewAndColorUITests.m */ = {isa = PBXFileReference; lastKnownFileType = sourcecode.c.objc; path = CircleViewAndColorUITests.m; sourceTree = "<group>"; };
		194FE9251C43A8F100F26538 /* Info.plist */ = {isa = PBXFileReference; lastKnownFileType = text.plist.xml; path = Info.plist; sourceTree = "<group>"; };
		194FE9321C43A91500F26538 /* CircleView.h */ = {isa = PBXFileReference; fileEncoding = 4; lastKnownFileType = sourcecode.c.h; path = CircleView.h; sourceTree = "<group>"; };
		194FE9331C43A91500F26538 /* CircleView.m */ = {isa = PBXFileReference; fileEncoding = 4; lastKnownFileType = sourcecode.c.objc; path = CircleView.m; sourceTree = "<group>"; };
		194FE9351C43A92900F26538 /* ViewController.h */ = {isa = PBXFileReference; fileEncoding = 4; lastKnownFileType = sourcecode.c.h; path = ViewController.h; sourceTree = "<group>"; };
		194FE9361C43A92900F26538 /* ViewController.m */ = {isa = PBXFileReference; fileEncoding = 4; lastKnownFileType = sourcecode.c.objc; path = ViewController.m; sourceTree = "<group>"; };
		194FE9371C43A92900F26538 /* UIImage+GradientColor.h */ = {isa = PBXFileReference; fileEncoding = 4; lastKnownFileType = sourcecode.c.h; path = "UIImage+GradientColor.h"; sourceTree = "<group>"; };
		194FE9381C43A92900F26538 /* UIImage+GradientColor.m */ = {isa = PBXFileReference; fileEncoding = 4; lastKnownFileType = sourcecode.c.objc; path = "UIImage+GradientColor.m"; sourceTree = "<group>"; };
/* End PBXFileReference section */

/* Begin PBXFrameworksBuildPhase section */
		194FE8F81C43A8F100F26538 /* Frameworks */ = {
			isa = PBXFrameworksBuildPhase;
			buildActionMask = 2147483647;
			files = (
			);
			runOnlyForDeploymentPostprocessing = 0;
		};
		194FE9111C43A8F100F26538 /* Frameworks */ = {
			isa = PBXFrameworksBuildPhase;
			buildActionMask = 2147483647;
			files = (
			);
			runOnlyForDeploymentPostprocessing = 0;
		};
		194FE91C1C43A8F100F26538 /* Frameworks */ = {
			isa = PBXFrameworksBuildPhase;
			buildActionMask = 2147483647;
			files = (
			);
			runOnlyForDeploymentPostprocessing = 0;
		};
/* End PBXFrameworksBuildPhase section */

/* Begin PBXGroup section */
		194FE8F21C43A8F100F26538 = {
			isa = PBXGroup;
			children = (
				194FE8FD1C43A8F100F26538 /* CircleViewAndColor */,
				194FE9171C43A8F100F26538 /* CircleViewAndColorTests */,
				194FE9221C43A8F100F26538 /* CircleViewAndColorUITests */,
				194FE8FC1C43A8F100F26538 /* Products */,
			);
			sourceTree = "<group>";
		};
		194FE8FC1C43A8F100F26538 /* Products */ = {
			isa = PBXGroup;
			children = (
				194FE8FB1C43A8F100F26538 /* CircleViewAndColor.app */,
				194FE9141C43A8F100F26538 /* CircleViewAndColorTests.xctest */,
				194FE91F1C43A8F100F26538 /* CircleViewAndColorUITests.xctest */,
			);
			name = Products;
			sourceTree = "<group>";
		};
		194FE8FD1C43A8F100F26538 /* CircleViewAndColor */ = {
			isa = PBXGroup;
			children = (
				194FE9311C43A91500F26538 /* CircleView */,
				194FE9011C43A8F100F26538 /* AppDelegate.h */,
				194FE9021C43A8F100F26538 /* AppDelegate.m */,
				194FE9351C43A92900F26538 /* ViewController.h */,
				194FE9361C43A92900F26538 /* ViewController.m */,
				194FE9371C43A92900F26538 /* UIImage+GradientColor.h */,
				194FE9381C43A92900F26538 /* UIImage+GradientColor.m */,
				194FE9071C43A8F100F26538 /* Main.storyboard */,
				194FE90A1C43A8F100F26538 /* Assets.xcassets */,
				194FE90C1C43A8F100F26538 /* LaunchScreen.storyboard */,
				194FE90F1C43A8F100F26538 /* Info.plist */,
				194FE8FE1C43A8F100F26538 /* Supporting Files */,
			);
			path = CircleViewAndColor;
			sourceTree = "<group>";
		};
		194FE8FE1C43A8F100F26538 /* Supporting Files */ = {
			isa = PBXGroup;
			children = (
				194FE8FF1C43A8F100F26538 /* main.m */,
			);
			name = "Supporting Files";
			sourceTree = "<group>";
		};
		194FE9171C43A8F100F26538 /* CircleViewAndColorTests */ = {
			isa = PBXGroup;
			children = (
				194FE9181C43A8F100F26538 /* CircleViewAndColorTests.m */,
				194FE91A1C43A8F100F26538 /* Info.plist */,
			);
			path = CircleViewAndColorTests;
			sourceTree = "<group>";
		};
		194FE9221C43A8F100F26538 /* CircleViewAndColorUITests */ = {
			isa = PBXGroup;
			children = (
				194FE9231C43A8F100F26538 /* CircleViewAndColorUITests.m */,
				194FE9251C43A8F100F26538 /* Info.plist */,
			);
			path = CircleViewAndColorUITests;
			sourceTree = "<group>";
		};
		194FE9311C43A91500F26538 /* CircleView */ = {
			isa = PBXGroup;
			children = (
				194FE9321C43A91500F26538 /* CircleView.h */,
				194FE9331C43A91500F26538 /* CircleView.m */,
			);
			path = CircleView;
			sourceTree = "<group>";
		};
/* End PBXGroup section */

/* Begin PBXNativeTarget section */
		194FE8FA1C43A8F100F26538 /* CircleViewAndColor */ = {
			isa = PBXNativeTarget;
			buildConfigurationList = 194FE9281C43A8F100F26538 /* Build configuration list for PBXNativeTarget "CircleViewAndColor" */;
			buildPhases = (
				194FE8F71C43A8F100F26538 /* Sources */,
				194FE8F81C43A8F100F26538 /* Frameworks */,
				194FE8F91C43A8F100F26538 /* Resources */,
			);
			buildRules = (
			);
			dependencies = (
			);
			name = CircleViewAndColor;
			productName = CircleViewAndColor;
			productReference = 194FE8FB1C43A8F100F26538 /* CircleViewAndColor.app */;
			productType = "com.apple.product-type.application";
		};
		194FE9131C43A8F100F26538 /* CircleViewAndColorTests */ = {
			isa = PBXNativeTarget;
			buildConfigurationList = 194FE92B1C43A8F100F26538 /* Build configuration list for PBXNativeTarget "CircleViewAndColorTests" */;
			buildPhases = (
				194FE9101C43A8F100F26538 /* Sources */,
				194FE9111C43A8F100F26538 /* Frameworks */,
				194FE9121C43A8F100F26538 /* Resources */,
			);
			buildRules = (
			);
			dependencies = (
				194FE9161C43A8F100F26538 /* PBXTargetDependency */,
			);
			name = CircleViewAndColorTests;
			productName = CircleViewAndColorTests;
			productReference = 194FE9141C43A8F100F26538 /* CircleViewAndColorTests.xctest */;
			productType = "com.apple.product-type.bundle.unit-test";
		};
		194FE91E1C43A8F100F26538 /* CircleViewAndColorUITests */ = {
			isa = PBXNativeTarget;
			buildConfigurationList = 194FE92E1C43A8F100F26538 /* Build configuration list for PBXNativeTarget "CircleViewAndColorUITests" */;
			buildPhases = (
				194FE91B1C43A8F100F26538 /* Sources */,
				194FE91C1C43A8F100F26538 /* Frameworks */,
				194FE91D1C43A8F100F26538 /* Resources */,
			);
			buildRules = (
			);
			dependencies = (
				194FE9211C43A8F100F26538 /* PBXTargetDependency */,
			);
			name = CircleViewAndColorUITests;
			productName = CircleViewAndColorUITests;
			productReference = 194FE91F1C43A8F100F26538 /* CircleViewAndColorUITests.xctest */;
			productType = "com.apple.product-type.bundle.ui-testing";
		};
/* End PBXNativeTarget section */

/* Begin PBXProject section */
		194FE8F31C43A8F100F26538 /* Project object */ = {
			isa = PBXProject;
			attributes = {
				LastUpgradeCheck = 0710;
				ORGANIZATIONNAME = yi;
				TargetAttributes = {
					194FE8FA1C43A8F100F26538 = {
						CreatedOnToolsVersion = 7.1;
					};
					194FE9131C43A8F100F26538 = {
						CreatedOnToolsVersion = 7.1;
						TestTargetID = 194FE8FA1C43A8F100F26538;
					};
					194FE91E1C43A8F100F26538 = {
						CreatedOnToolsVersion = 7.1;
						TestTargetID = 194FE8FA1C43A8F100F26538;
					};
				};
			};
			buildConfigurationList = 194FE8F61C43A8F100F26538 /* Build configuration list for PBXProject "CircleViewAndColor" */;
			compatibilityVersion = "Xcode 3.2";
			developmentRegion = English;
			hasScannedForEncodings = 0;
			knownRegions = (
				en,
				Base,
			);
			mainGroup = 194FE8F21C43A8F100F26538;
			productRefGroup = 194FE8FC1C43A8F100F26538 /* Products */;
			projectDirPath = "";
			projectRoot = "";
			targets = (
				194FE8FA1C43A8F100F26538 /* CircleViewAndColor */,
				194FE9131C43A8F100F26538 /* CircleViewAndColorTests */,
				194FE91E1C43A8F100F26538 /* CircleViewAndColorUITests */,
			);
		};
/* End PBXProject section */

/* Begin PBXResourcesBuildPhase section */
		194FE8F91C43A8F100F26538 /* Resources */ = {
			isa = PBXResourcesBuildPhase;
			buildActionMask = 2147483647;
			files = (
				194FE90E1C43A8F100F26538 /* LaunchScreen.storyboard in Resources */,
				194FE90B1C43A8F100F26538 /* Assets.xcassets in Resources */,
				194FE9091C43A8F100F26538 /* Main.storyboard in Resources */,
			);
			runOnlyForDeploymentPostprocessing = 0;
		};
		194FE9121C43A8F100F26538 /* Resources */ = {
			isa = PBXResourcesBuildPhase;
			buildActionMask = 2147483647;
			files = (
			);
			runOnlyForDeploymentPostprocessing = 0;
		};
		194FE91D1C43A8F100F26538 /* Resources */ = {
			isa = PBXResourcesBuildPhase;
			buildActionMask = 2147483647;
			files = (
			);
			runOnlyForDeploymentPostprocessing = 0;
		};
/* End PBXResourcesBuildPhase section */

/* Begin PBXSourcesBuildPhase section */
		194FE8F71C43A8F100F26538 /* Sources */ = {
			isa = PBXSourcesBuildPhase;
			buildActionMask = 2147483647;
			files = (
				194FE9341C43A91500F26538 /* CircleView.m in Sources */,
				194FE9031C43A8F100F26538 /* AppDelegate.m in Sources */,
				194FE9391C43A92900F26538 /* ViewController.m in Sources */,
				194FE9001C43A8F100F26538 /* main.m in Sources */,
				194FE93A1C43A92900F26538 /* UIImage+GradientColor.m in Sources */,
			);
			runOnlyForDeploymentPostprocessing = 0;
		};
		194FE9101C43A8F100F26538 /* Sources */ = {
			isa = PBXSourcesBuildPhase;
			buildActionMask = 2147483647;
			files = (
				194FE9191C43A8F100F26538 /* CircleViewAndColorTests.m in Sources */,
			);
			runOnlyForDeploymentPostprocessing = 0;
		};
		194FE91B1C43A8F100F26538 /* Sources */ = {
			isa = PBXSourcesBuildPhase;
			buildActionMask = 2147483647;
			files = (
				194FE9241C43A8F100F26538 /* CircleViewAndColorUITests.m in Sources */,
			);
			runOnlyForDeploymentPostprocessing = 0;
		};
/* End PBXSourcesBuildPhase section */

/* Begin PBXTargetDependency section */
		194FE9161C43A8F100F26538 /* PBXTargetDependency */ = {
			isa = PBXTargetDependency;
			target = 194FE8FA1C43A8F100F26538 /* CircleViewAndColor */;
			targetProxy = 194FE9151C43A8F100F26538 /* PBXContainerItemProxy */;
		};
		194FE9211C43A8F100F26538 /* PBXTargetDependency */ = {
			isa = PBXTargetDependency;
			target = 194FE8FA1C43A8F100F26538 /* CircleViewAndColor */;
			targetProxy = 194FE9201C43A8F100F26538 /* PBXContainerItemProxy */;
		};
/* End PBXTargetDependency section */

/* Begin PBXVariantGroup section */
		194FE9071C43A8F100F26538 /* Main.storyboard */ = {
			isa = PBXVariantGroup;
			children = (
				194FE9081C43A8F100F26538 /* Base */,
			);
			name = Main.storyboard;
			sourceTree = "<group>";
		};
		194FE90C1C43A8F100F26538 /* LaunchScreen.storyboard */ = {
			isa = PBXVariantGroup;
			children = (
				194FE90D1C43A8F100F26538 /* Base */,
			);
			name = LaunchScreen.storyboard;
			sourceTree = "<group>";
		};
/* End PBXVariantGroup section */

/* Begin XCBuildConfiguration section */
		194FE9261C43A8F100F26538 /* Debug */ = {
			isa = XCBuildConfiguration;
			buildSettings = {
				ALWAYS_SEARCH_USER_PATHS = NO;
				CLANG_CXX_LANGUAGE_STANDARD = "gnu++0x";
				CLANG_CXX_LIBRARY = "libc++";
				CLANG_ENABLE_MODULES = YES;
				CLANG_ENABLE_OBJC_ARC = YES;
				CLANG_WARN_BOOL_CONVERSION = YES;
				CLANG_WARN_CONSTANT_CONVERSION = YES;
				CLANG_WARN_DIRECT_OBJC_ISA_USAGE = YES_ERROR;
				CLANG_WARN_EMPTY_BODY = YES;
				CLANG_WARN_ENUM_CONVERSION = YES;
				CLANG_WARN_INT_CONVERSION = YES;
				CLANG_WARN_OBJC_ROOT_CLASS = YES_ERROR;
				CLANG_WARN_UNREACHABLE_CODE = YES;
				CLANG_WARN__DUPLICATE_METHOD_MATCH = YES;
				"CODE_SIGN_IDENTITY[sdk=iphoneos*]" = "iPhone Developer";
				COPY_PHASE_STRIP = NO;
				DEBUG_INFORMATION_FORMAT = dwarf;
				ENABLE_STRICT_OBJC_MSGSEND = YES;
				ENABLE_TESTABILITY = YES;
				GCC_C_LANGUAGE_STANDARD = gnu99;
				GCC_DYNAMIC_NO_PIC = NO;
				GCC_NO_COMMON_BLOCKS = YES;
				GCC_OPTIMIZATION_LEVEL = 0;
				GCC_PREPROCESSOR_DEFINITIONS = (
					"DEBUG=1",
					"$(inherited)",
				);
				GCC_WARN_64_TO_32_BIT_CONVERSION = YES;
				GCC_WARN_ABOUT_RETURN_TYPE = YES_ERROR;
				GCC_WARN_UNDECLARED_SELECTOR = YES;
				GCC_WARN_UNINITIALIZED_AUTOS = YES_AGGRESSIVE;
				GCC_WARN_UNUSED_FUNCTION = YES;
				GCC_WARN_UNUSED_VARIABLE = YES;
				IPHONEOS_DEPLOYMENT_TARGET = 9.1;
				MTL_ENABLE_DEBUG_INFO = YES;
				ONLY_ACTIVE_ARCH = YES;
				SDKROOT = iphoneos;
				TARGETED_DEVICE_FAMILY = "1,2";
			};
			name = Debug;
		};
		194FE9271C43A8F100F26538 /* Release */ = {
			isa = XCBuildConfiguration;
			buildSettings = {
				ALWAYS_SEARCH_USER_PATHS = NO;
				CLANG_CXX_LANGUAGE_STANDARD = "gnu++0x";
				CLANG_CXX_LIBRARY = "libc++";
				CLANG_ENABLE_MODULES = YES;
				CLANG_ENABLE_OBJC_ARC = YES;
				CLANG_WARN_BOOL_CONVERSION = YES;
				CLANG_WARN_CONSTANT_CONVERSION = YES;
				CLANG_WARN_DIRECT_OBJC_ISA_USAGE = YES_ERROR;
				CLANG_WARN_EMPTY_BODY = YES;
				CLANG_WARN_ENUM_CONVERSION = YES;
				CLANG_WARN_INT_CONVERSION = YES;
				CLANG_WARN_OBJC_ROOT_CLASS = YES_ERROR;
				CLANG_WARN_UNREACHABLE_CODE = YES;
				CLANG_WARN__DUPLICATE_METHOD_MATCH = YES;
				"CODE_SIGN_IDENTITY[sdk=iphoneos*]" = "iPhone Developer";
				COPY_PHASE_STRIP = NO;
				DEBUG_INFORMATION_FORMAT = "dwarf-with-dsym";
				ENABLE_NS_ASSERTIONS = NO;
				ENABLE_STRICT_OBJC_MSGSEND = YES;
				GCC_C_LANGUAGE_STANDARD = gnu99;
				GCC_NO_COMMON_BLOCKS = YES;
				GCC_WARN_64_TO_32_BIT_CONVERSION = YES;
				GCC_WARN_ABOUT_RETURN_TYPE = YES_ERROR;
				GCC_WARN_UNDECLARED_SELECTOR = YES;
				GCC_WARN_UNINITIALIZED_AUTOS = YES_AGGRESSIVE;
				GCC_WARN_UNUSED_FUNCTION = YES;
				GCC_WARN_UNUSED_VARIABLE = YES;
				IPHONEOS_DEPLOYMENT_TARGET = 9.1;
				MTL_ENABLE_DEBUG_INFO = NO;
				SDKROOT = iphoneos;
				TARGETED_DEVICE_FAMILY = "1,2";
				VALIDATE_PRODUCT = YES;
			};
			name = Release;
		};
		194FE9291C43A8F100F26538 /* Debug */ = {
			isa = XCBuildConfiguration;
			buildSettings = {
				ASSETCATALOG_COMPILER_APPICON_NAME = AppIcon;
				INFOPLIST_FILE = CircleViewAndColor/Info.plist;
				IPHONEOS_DEPLOYMENT_TARGET = 8.0;
				LD_RUNPATH_SEARCH_PATHS = "$(inherited) @executable_path/Frameworks";
				PRODUCT_BUNDLE_IDENTIFIER = com.tinckay.CircleViewAndColor;
				PRODUCT_NAME = "$(TARGET_NAME)";
			};
			name = Debug;
		};
		194FE92A1C43A8F100F26538 /* Release */ = {
			isa = XCBuildConfiguration;
			buildSettings = {
				ASSETCATALOG_COMPILER_APPICON_NAME = AppIcon;
				INFOPLIST_FILE = CircleViewAndColor/Info.plist;
				IPHONEOS_DEPLOYMENT_TARGET = 8.0;
				LD_RUNPATH_SEARCH_PATHS = "$(inherited) @executable_path/Frameworks";
				PRODUCT_BUNDLE_IDENTIFIER = com.tinckay.CircleViewAndColor;
				PRODUCT_NAME = "$(TARGET_NAME)";
			};
			name = Release;
		};
		194FE92C1C43A8F100F26538 /* Debug */ = {
			isa = XCBuildConfiguration;
			buildSettings = {
				BUNDLE_LOADER = "$(TEST_HOST)";
				INFOPLIST_FILE = CircleViewAndColorTests/Info.plist;
				LD_RUNPATH_SEARCH_PATHS = "$(inherited) @executable_path/Frameworks @loader_path/Frameworks";
				PRODUCT_BUNDLE_IDENTIFIER = com.tinckay.CircleViewAndColorTests;
				PRODUCT_NAME = "$(TARGET_NAME)";
				TEST_HOST = "$(BUILT_PRODUCTS_DIR)/CircleViewAndColor.app/CircleViewAndColor";
			};
			name = Debug;
		};
		194FE92D1C43A8F100F26538 /* Release */ = {
			isa = XCBuildConfiguration;
			buildSettings = {
				BUNDLE_LOADER = "$(TEST_HOST)";
				INFOPLIST_FILE = CircleViewAndColorTests/Info.plist;
				LD_RUNPATH_SEARCH_PATHS = "$(inherited) @executable_path/Frameworks @loader_path/Frameworks";
				PRODUCT_BUNDLE_IDENTIFIER = com.tinckay.CircleViewAndColorTests;
				PRODUCT_NAME = "$(TARGET_NAME)";
				TEST_HOST = "$(BUILT_PRODUCTS_DIR)/CircleViewAndColor.app/CircleViewAndColor";
			};
			name = Release;
		};
		194FE92F1C43A8F100F26538 /* Debug */ = {
			isa = XCBuildConfiguration;
			buildSettings = {
				INFOPLIST_FILE = CircleViewAndColorUITests/Info.plist;
				LD_RUNPATH_SEARCH_PATHS = "$(inherited) @executable_path/Frameworks @loader_path/Frameworks";
				PRODUCT_BUNDLE_IDENTIFIER = com.tinckay.CircleViewAndColorUITests;
				PRODUCT_NAME = "$(TARGET_NAME)";
				TEST_TARGET_NAME = CircleViewAndColor;
				USES_XCTRUNNER = YES;
			};
			name = Debug;
		};
		194FE9301C43A8F100F26538 /* Release */ = {
			isa = XCBuildConfiguration;
			buildSettings = {
				INFOPLIST_FILE = CircleViewAndColorUITests/Info.plist;
				LD_RUNPATH_SEARCH_PATHS = "$(inherited) @executable_path/Frameworks @loader_path/Frameworks";
				PRODUCT_BUNDLE_IDENTIFIER = com.tinckay.CircleViewAndColorUITests;
				PRODUCT_NAME = "$(TARGET_NAME)";
				TEST_TARGET_NAME = CircleViewAndColor;
				USES_XCTRUNNER = YES;
			};
			name = Release;
		};
/* End XCBuildConfiguration section */

/* Begin XCConfigurationList section */
		194FE8F61C43A8F100F26538 /* Build configuration list for PBXProject "CircleViewAndColor" */ = {
			isa = XCConfigurationList;
			buildConfigurations = (
				194FE9261C43A8F100F26538 /* Debug */,
				194FE9271C43A8F100F26538 /* Release */,
			);
			defaultConfigurationIsVisible = 0;
			defaultConfigurationName = Release;
		};
		194FE9281C43A8F100F26538 /* Build configuration list for PBXNativeTarget "CircleViewAndColor" */ = {
			isa = XCConfigurationList;
			buildConfigurations = (
				194FE9291C43A8F100F26538 /* Debug */,
				194FE92A1C43A8F100F26538 /* Release */,
			);
			defaultConfigurationIsVisible = 0;
		};
		194FE92B1C43A8F100F26538 /* Build configuration list for PBXNativeTarget "CircleViewAndColorTests" */ = {
			isa = XCConfigurationList;
			buildConfigurations = (
				194FE92C1C43A8F100F26538 /* Debug */,
				194FE92D1C43A8F100F26538 /* Release */,
			);
			defaultConfigurationIsVisible = 0;
		};
		194FE92E1C43A8F100F26538 /* Build configuration list for PBXNativeTarget "CircleViewAndColorUITests" */ = {
			isa = XCConfigurationList;
			buildConfigurations = (
				194FE92F1C43A8F100F26538 /* Debug */,
				194FE9301C43A8F100F26538 /* Release */,
			);
			defaultConfigurationIsVisible = 0;
		};
/* End XCConfigurationList section */
	};
	rootObject = 194FE8F31C43A8F100F26538 /* Project object */;
}
